{
    "version": 3,
    "terraform_version": "0.11.8",
    "serial": 2,
    "lineage": "f6ba31dc-a8df-309c-f7f3-878555b38afd",
    "modules": [
        {
            "path": [
                "root"
            ],
            "outputs": {
                "big_brother_ip": {
                    "sensitive": false,
                    "type": "string",
                    "value": "34.207.230.75"
                }
            },
            "resources": {
                "aws_instance.big_brother": {
                    "type": "aws_instance",
                    "depends_on": [
                        "aws_key_pair.main"
                    ],
                    "primary": {
                        "id": "i-0c31db52b1f838d7b",
                        "attributes": {
                            "ami": "ami-04169656fea786776",
                            "arn": "arn:aws:ec2:us-east-1:666598581356:instance/i-0c31db52b1f838d7b",
                            "associate_public_ip_address": "true",
                            "availability_zone": "us-east-1d",
                            "cpu_core_count": "1",
                            "cpu_threads_per_core": "1",
                            "credit_specification.#": "1",
                            "credit_specification.0.cpu_credits": "standard",
                            "disable_api_termination": "false",
                            "ebs_block_device.#": "0",
                            "ebs_optimized": "false",
                            "ephemeral_block_device.#": "0",
                            "get_password_data": "false",
                            "iam_instance_profile": "",
                            "id": "i-0c31db52b1f838d7b",
                            "instance_state": "running",
                            "instance_type": "t2.micro",
                            "ipv6_addresses.#": "0",
                            "key_name": "main",
                            "monitoring": "false",
                            "network_interface.#": "0",
                            "network_interface_id": "eni-0ed97561fdb0727bc",
                            "password_data": "",
                            "placement_group": "",
                            "primary_network_interface_id": "eni-0ed97561fdb0727bc",
                            "private_dns": "ip-172-31-18-151.ec2.internal",
                            "private_ip": "172.31.18.151",
                            "public_dns": "ec2-34-207-230-75.compute-1.amazonaws.com",
                            "public_ip": "34.207.230.75",
                            "root_block_device.#": "1",
                            "root_block_device.0.delete_on_termination": "true",
                            "root_block_device.0.iops": "0",
                            "root_block_device.0.volume_id": "vol-030ae6f4445a19736",
                            "root_block_device.0.volume_size": "100",
                            "root_block_device.0.volume_type": "standard",
                            "security_groups.#": "1",
                            "security_groups.3814588639": "default",
                            "source_dest_check": "true",
                            "subnet_id": "subnet-43a5461b",
                            "tags.%": "1",
                            "tags.Name": "BigBrother",
                            "tenancy": "default",
                            "volume_tags.%": "0",
                            "vpc_security_group_ids.#": "1",
                            "vpc_security_group_ids.1473117231": "sg-67495d01"
                        },
                        "meta": {
                            "e2bfb730-ecaa-11e6-8f88-34363bc7c4c0": {
                                "create": 600000000000,
                                "delete": 1200000000000,
                                "update": 600000000000
                            },
                            "schema_version": "1"
                        },
                        "tainted": false
                    },
                    "deposed": [],
                    "provider": "provider.aws"
                },
                "aws_key_pair.main": {
                    "type": "aws_key_pair",
                    "depends_on": [],
                    "primary": {
                        "id": "main",
                        "attributes": {
                            "id": "main",
                            "key_name": "main",
                            "public_key": "ssh-rsa AAAAB3NzaC1yc2EAAAADAQABAAABAQDBavSqSVS0AG8Fvm0tiE1IPvVuThwIUs09OzhxNeG+AJj8titBJ0vjhZtQ5XavRkMuNHJjZx0s62D/QTfiRmZ4e7K8wcCzV6FaIKMdumGTdcqVHVFFJEThgS6qLl5pZUCOZii7uIqM7jUgkVlbMloj0sw5lbUy2qVDQrkRbNp7cYQAzM0symtMgf4/3POiStqUxAmwSrMAE9R+AArUqCeGnOT0frh7D63zUvjgw9L4eL/wdPknYuRCz2ucyJa7JgCNZeWbVRbjTNHVdf3s9UDRSRJRlkrKYrPx8+3Vf3cR99VM49XmXMV2/y06EmBuA8TxxWPOPJWguyqrus5PT6V/ tech@diverst.com"
                        },
                        "meta": {
                            "schema_version": "1"
                        },
                        "tainted": false
                    },
                    "deposed": [],
                    "provider": "provider.aws"
                }
            },
            "depends_on": []
        }
    ]
}
